// !$*UTF8*$!
{
	archiveVersion = 1;
	classes = {
	};
	objectVersion = 77;
	objects = {

/* Begin PBXBuildFile section */
		67905905BCC9155AC992BD27 /* HostViewModel.swift in Sources */ = {isa = PBXBuildFile; fileRef = DDFA8F709DE4200DF7F25D61 /* HostViewModel.swift */; };
		8BAC10CCA7BE67806B31342A /* DCSSCoreFFI in Frameworks */ = {isa = PBXBuildFile; productRef = F20FF298566305C9BE3C1B7B /* DCSSCoreFFI */; };
		9DBCB3AD888071EBAED86D86 /* DCSSCore.xcframework in Frameworks */ = {isa = PBXBuildFile; fileRef = 4F56BF10419035EAE8F9A48F /* DCSSCore.xcframework */; };
		DBF4147B8D477FB2703F2590 /* DCSSiOSHostApp.swift in Sources */ = {isa = PBXBuildFile; fileRef = C1A18287CE8AE6D755230BE1 /* DCSSiOSHostApp.swift */; };
		DE67786E7E840043E6492A68 /* HostContentView.swift in Sources */ = {isa = PBXBuildFile; fileRef = F4240452D7018CA814747E43 /* HostContentView.swift */; };
		EBC5B61D099D4F3482C28FA0 /* DCSSCore in Frameworks */ = {isa = PBXBuildFile; productRef = 2A274DD859F4BED6928BFD8A /* DCSSCore */; };
/* End PBXBuildFile section */

/* Begin PBXFileReference section */
		1DC7963581AD31B37BA7C63F /* DCSSiOSHost.app */ = {isa = PBXFileReference; explicitFileType = wrapper.application; includeInIndex = 0; path = DCSSiOSHost.app; sourceTree = BUILT_PRODUCTS_DIR; };
		4F56BF10419035EAE8F9A48F /* DCSSCore.xcframework */ = {isa = PBXFileReference; lastKnownFileType = wrapper.xcframework; name = DCSSCore.xcframework; path = BuildArtifacts/DCSSCore.xcframework; sourceTree = "<group>"; };
		C1A18287CE8AE6D755230BE1 /* DCSSiOSHostApp.swift */ = {isa = PBXFileReference; lastKnownFileType = sourcecode.swift; path = DCSSiOSHostApp.swift; sourceTree = "<group>"; };
		CE8EE564C1D81BCEC1D9E4D7 /* dcss-ios-client-wibe */ = {isa = PBXFileReference; lastKnownFileType = folder; name = "dcss-ios-client-wibe"; path = .; sourceTree = SOURCE_ROOT; };
		DDFA8F709DE4200DF7F25D61 /* HostViewModel.swift */ = {isa = PBXFileReference; lastKnownFileType = sourcecode.swift; path = HostViewModel.swift; sourceTree = "<group>"; };
		F4240452D7018CA814747E43 /* HostContentView.swift */ = {isa = PBXFileReference; lastKnownFileType = sourcecode.swift; path = HostContentView.swift; sourceTree = "<group>"; };
/* End PBXFileReference section */

/* Begin PBXFrameworksBuildPhase section */
		D47F77C89F70B5C9081AB848 /* Frameworks */ = {
			isa = PBXFrameworksBuildPhase;
			buildActionMask = 2147483647;
			files = (
				9DBCB3AD888071EBAED86D86 /* DCSSCore.xcframework in Frameworks */,
				EBC5B61D099D4F3482C28FA0 /* DCSSCore in Frameworks */,
				8BAC10CCA7BE67806B31342A /* DCSSCoreFFI in Frameworks */,
			);
			runOnlyForDeploymentPostprocessing = 0;
		};
/* End PBXFrameworksBuildPhase section */

/* Begin PBXGroup section */
		1214282A31F318BF56C16865 /* Packages */ = {
			isa = PBXGroup;
			children = (
				CE8EE564C1D81BCEC1D9E4D7 /* dcss-ios-client-wibe */,
			);
			name = Packages;
			sourceTree = "<group>";
		};
		75016F3FED0B871787427456 /* Products */ = {
			isa = PBXGroup;
			children = (
				1DC7963581AD31B37BA7C63F /* DCSSiOSHost.app */,
			);
			name = Products;
			sourceTree = "<group>";
		};
		960AAA9754389292D91011FC /* Frameworks */ = {
			isa = PBXGroup;
			children = (
				4F56BF10419035EAE8F9A48F /* DCSSCore.xcframework */,
			);
			name = Frameworks;
			sourceTree = "<group>";
		};
		9B35EFD40409C31E24772E7B /* iOSAppHost */ = {
			isa = PBXGroup;
			children = (
				C1A18287CE8AE6D755230BE1 /* DCSSiOSHostApp.swift */,
				F4240452D7018CA814747E43 /* HostContentView.swift */,
				DDFA8F709DE4200DF7F25D61 /* HostViewModel.swift */,
			);
			path = iOSAppHost;
			sourceTree = "<group>";
		};
		D9ED40F5EF9955543E211511 = {
			isa = PBXGroup;
			children = (
				9B35EFD40409C31E24772E7B /* iOSAppHost */,
				1214282A31F318BF56C16865 /* Packages */,
				960AAA9754389292D91011FC /* Frameworks */,
				75016F3FED0B871787427456 /* Products */,
			);
			sourceTree = "<group>";
		};
/* End PBXGroup section */

/* Begin PBXNativeTarget section */
		EA1A232ED616B5D72080AEAF /* DCSSiOSHost */ = {
			isa = PBXNativeTarget;
			buildConfigurationList = CD7787E58FEBD71AA6782B52 /* Build configuration list for PBXNativeTarget "DCSSiOSHost" */;
			buildPhases = (
				21B71A4E007421908E3B7654 /* Build Rust DCSS Core */,
				07223DC5EE6B1F2AF5BA3776 /* Sources */,
				D47F77C89F70B5C9081AB848 /* Frameworks */,
			);
			buildRules = (
			);
			dependencies = (
			);
			name = DCSSiOSHost;
			packageProductDependencies = (
				2A274DD859F4BED6928BFD8A /* DCSSCore */,
				F20FF298566305C9BE3C1B7B /* DCSSCoreFFI */,
			);
			productName = DCSSiOSHost;
			productReference = 1DC7963581AD31B37BA7C63F /* DCSSiOSHost.app */;
			productType = "com.apple.product-type.application";
		};
/* End PBXNativeTarget section */

/* Begin PBXProject section */
		1EC8202B035844FDC6F769EA /* Project object */ = {
			isa = PBXProject;
			attributes = {
				BuildIndependentTargetsInParallel = YES;
				LastUpgradeCheck = 1430;
			};
			buildConfigurationList = BE7F2D6BB4A3997011B3A0DE /* Build configuration list for PBXProject "DCSSiOSHost" */;
			developmentRegion = en;
			hasScannedForEncodings = 0;
			knownRegions = (
				Base,
				en,
			);
			mainGroup = D9ED40F5EF9955543E211511;
			minimizedProjectReferenceProxies = 1;
			packageReferences = (
				96A63E06954FE32215A9879C /* XCLocalSwiftPackageReference "." */,
			);
			preferredProjectObjectVersion = 77;
			productRefGroup = 75016F3FED0B871787427456 /* Products */;
			projectDirPath = "";
			projectRoot = "";
			targets = (
				EA1A232ED616B5D72080AEAF /* DCSSiOSHost */,
			);
		};
/* End PBXProject section */

/* Begin PBXShellScriptBuildPhase section */
		21B71A4E007421908E3B7654 /* Build Rust DCSS Core */ = {
			isa = PBXShellScriptBuildPhase;
			alwaysOutOfDate = 1;
			buildActionMask = 2147483647;
			files = (
			);
			inputFileListPaths = (
			);
			inputPaths = (
				"$(SRCROOT)/RustCore/Cargo.toml",
				"$(SRCROOT)/RustCore/src/lib.rs",
			);
			name = "Build Rust DCSS Core";
			outputFileListPaths = (
			);
			outputPaths = (
				"$(SRCROOT)/BuildArtifacts/.rust_core_built",
			);
			runOnlyForDeploymentPostprocessing = 0;
			shellPath = /bin/sh;
			shellScript = "\"${SRCROOT}/Scripts/build-rust-core.sh\"";
		};
/* End PBXShellScriptBuildPhase section */

/* Begin PBXSourcesBuildPhase section */
		07223DC5EE6B1F2AF5BA3776 /* Sources */ = {
			isa = PBXSourcesBuildPhase;
			buildActionMask = 2147483647;
			files = (
				DBF4147B8D477FB2703F2590 /* DCSSiOSHostApp.swift in Sources */,
				DE67786E7E840043E6492A68 /* HostContentView.swift in Sources */,
				67905905BCC9155AC992BD27 /* HostViewModel.swift in Sources */,
			);
			runOnlyForDeploymentPostprocessing = 0;
		};
/* End PBXSourcesBuildPhase section */

/* Begin XCBuildConfiguration section */
		795AC7165F761B12F695B80A /* Release */ = {
			isa = XCBuildConfiguration;
			buildSettings = {
				ALWAYS_SEARCH_USER_PATHS = NO;
				CLANG_ANALYZER_NONNULL = YES;
				CLANG_ANALYZER_NUMBER_OBJECT_CONVERSION = YES_AGGRESSIVE;
				CLANG_CXX_LANGUAGE_STANDARD = "gnu++14";
				CLANG_CXX_LIBRARY = "libc++";
				CLANG_ENABLE_MODULES = YES;
				CLANG_ENABLE_OBJC_ARC = YES;
				CLANG_ENABLE_OBJC_WEAK = YES;
				CLANG_WARN_BLOCK_CAPTURE_AUTORELEASING = YES;
				CLANG_WARN_BOOL_CONVERSION = YES;
				CLANG_WARN_COMMA = YES;
				CLANG_WARN_CONSTANT_CONVERSION = YES;
				CLANG_WARN_DEPRECATED_OBJC_IMPLEMENTATIONS = YES;
				CLANG_WARN_DIRECT_OBJC_ISA_USAGE = YES_ERROR;
				CLANG_WARN_DOCUMENTATION_COMMENTS = YES;
				CLANG_WARN_EMPTY_BODY = YES;
				CLANG_WARN_ENUM_CONVERSION = YES;
				CLANG_WARN_INFINITE_RECURSION = YES;
				CLANG_WARN_INT_CONVERSION = YES;
				CLANG_WARN_NON_LITERAL_NULL_CONVERSION = YES;
				CLANG_WARN_OBJC_IMPLICIT_RETAIN_SELF = YES;
				CLANG_WARN_OBJC_LITERAL_CONVERSION = YES;
				CLANG_WARN_OBJC_ROOT_CLASS = YES_ERROR;
				CLANG_WARN_QUOTED_INCLUDE_IN_FRAMEWORK_HEADER = YES;
				CLANG_WARN_RANGE_LOOP_ANALYSIS = YES;
				CLANG_WARN_STRICT_PROTOTYPES = YES;
				CLANG_WARN_SUSPICIOUS_MOVE = YES;
				CLANG_WARN_UNGUARDED_AVAILABILITY = YES_AGGRESSIVE;
				CLANG_WARN_UNREACHABLE_CODE = YES;
				CLANG_WARN__DUPLICATE_METHOD_MATCH = YES;
				COPY_PHASE_STRIP = NO;
				DEBUG_INFORMATION_FORMAT = "dwarf-with-dsym";
				ENABLE_NS_ASSERTIONS = NO;
				ENABLE_STRICT_OBJC_MSGSEND = YES;
				GCC_C_LANGUAGE_STANDARD = gnu11;
				GCC_NO_COMMON_BLOCKS = YES;
				GCC_WARN_64_TO_32_BIT_CONVERSION = YES;
				GCC_WARN_ABOUT_RETURN_TYPE = YES_ERROR;
				GCC_WARN_UNDECLARED_SELECTOR = YES;
				GCC_WARN_UNINITIALIZED_AUTOS = YES_AGGRESSIVE;
				GCC_WARN_UNUSED_FUNCTION = YES;
				GCC_WARN_UNUSED_VARIABLE = YES;
				IPHONEOS_DEPLOYMENT_TARGET = 17.0;
				MTL_ENABLE_DEBUG_INFO = NO;
				MTL_FAST_MATH = YES;
				PRODUCT_NAME = "$(TARGET_NAME)";
				SDKROOT = iphoneos;
				SWIFT_COMPILATION_MODE = wholemodule;
				SWIFT_OPTIMIZATION_LEVEL = "-O";
				SWIFT_VERSION = 5.0;
			};
			name = Release;
		};
		7B6449266D4DA87137C430D2 /* Debug */ = {
			isa = XCBuildConfiguration;
			buildSettings = {
				ASSETCATALOG_COMPILER_APPICON_NAME = AppIcon;
				CODE_SIGN_IDENTITY = "iPhone Developer";
				DEVELOPMENT_TEAM = 3NJUD9MLAB;
				FRAMEWORK_SEARCH_PATHS = (
					"$(inherited)",
					"\"BuildArtifacts\"",
				);
				GENERATE_INFOPLIST_FILE = YES;
				INFOPLIST_KEY_CFBundleDisplayName = "DCSS iOS Host";
				INFOPLIST_KEY_UIApplicationSceneManifest_Generation = YES;
				INFOPLIST_KEY_UILaunchScreen_Generation = YES;
				INFOPLIST_KEY_UIRequiresFullScreen = NO;
				IPHONEOS_DEPLOYMENT_TARGET = 17.0;
				LD_RUNPATH_SEARCH_PATHS = (
					"$(inherited)",
					"@executable_path/Frameworks",
				);
				PRODUCT_BUNDLE_IDENTIFIER = com.apollov.dcssioshost;
				SDKROOT = iphoneos;
				SWIFT_VERSION = 6.0;
				TARGETED_DEVICE_FAMILY = "1,2";
			};
			name = Debug;
		};
		8594CCD59626CEAA12F22A9B /* Debug */ = {
			isa = XCBuildConfiguration;
			buildSettings = {
				ALWAYS_SEARCH_USER_PATHS = NO;
				CLANG_ANALYZER_NONNULL = YES;
				CLANG_ANALYZER_NUMBER_OBJECT_CONVERSION = YES_AGGRESSIVE;
				CLANG_CXX_LANGUAGE_STANDARD = "gnu++14";
				CLANG_CXX_LIBRARY = "libc++";
				CLANG_ENABLE_MODULES = YES;
				CLANG_ENABLE_OBJC_ARC = YES;
				CLANG_ENABLE_OBJC_WEAK = YES;
				CLANG_WARN_BLOCK_CAPTURE_AUTORELEASING = YES;
				CLANG_WARN_BOOL_CONVERSION = YES;
				CLANG_WARN_COMMA = YES;
				CLANG_WARN_CONSTANT_CONVERSION = YES;
				CLANG_WARN_DEPRECATED_OBJC_IMPLEMENTATIONS = YES;
				CLANG_WARN_DIRECT_OBJC_ISA_USAGE = YES_ERROR;
				CLANG_WARN_DOCUMENTATION_COMMENTS = YES;
				CLANG_WARN_EMPTY_BODY = YES;
				CLANG_WARN_ENUM_CONVERSION = YES;
				CLANG_WARN_INFINITE_RECURSION = YES;
				CLANG_WARN_INT_CONVERSION = YES;
				CLANG_WARN_NON_LITERAL_NULL_CONVERSION = YES;
				CLANG_WARN_OBJC_IMPLICIT_RETAIN_SELF = YES;
				CLANG_WARN_OBJC_LITERAL_CONVERSION = YES;
				CLANG_WARN_OBJC_ROOT_CLASS = YES_ERROR;
				CLANG_WARN_QUOTED_INCLUDE_IN_FRAMEWORK_HEADER = YES;
				CLANG_WARN_RANGE_LOOP_ANALYSIS = YES;
				CLANG_WARN_STRICT_PROTOTYPES = YES;
				CLANG_WARN_SUSPICIOUS_MOVE = YES;
				CLANG_WARN_UNGUARDED_AVAILABILITY = YES_AGGRESSIVE;
				CLANG_WARN_UNREACHABLE_CODE = YES;
				CLANG_WARN__DUPLICATE_METHOD_MATCH = YES;
				COPY_PHASE_STRIP = NO;
				DEBUG_INFORMATION_FORMAT = dwarf;
				ENABLE_STRICT_OBJC_MSGSEND = YES;
				ENABLE_TESTABILITY = YES;
				GCC_C_LANGUAGE_STANDARD = gnu11;
				GCC_DYNAMIC_NO_PIC = NO;
				GCC_NO_COMMON_BLOCKS = YES;
				GCC_OPTIMIZATION_LEVEL = 0;
				GCC_PREPROCESSOR_DEFINITIONS = (
					"$(inherited)",
					"DEBUG=1",
				);
				GCC_WARN_64_TO_32_BIT_CONVERSION = YES;
				GCC_WARN_ABOUT_RETURN_TYPE = YES_ERROR;
				GCC_WARN_UNDECLARED_SELECTOR = YES;
				GCC_WARN_UNINITIALIZED_AUTOS = YES_AGGRESSIVE;
				GCC_WARN_UNUSED_FUNCTION = YES;
				GCC_WARN_UNUSED_VARIABLE = YES;
				IPHONEOS_DEPLOYMENT_TARGET = 17.0;
				MTL_ENABLE_DEBUG_INFO = INCLUDE_SOURCE;
				MTL_FAST_MATH = YES;
				ONLY_ACTIVE_ARCH = YES;
				PRODUCT_NAME = "$(TARGET_NAME)";
				SDKROOT = iphoneos;
				SWIFT_ACTIVE_COMPILATION_CONDITIONS = DEBUG;
				SWIFT_OPTIMIZATION_LEVEL = "-Onone";
				SWIFT_VERSION = 5.0;
			};
			name = Debug;
		};
		8ED375158FC13CF9523372D4 /* Release */ = {
			isa = XCBuildConfiguration;
			buildSettings = {
				ASSETCATALOG_COMPILER_APPICON_NAME = AppIcon;
				CODE_SIGN_IDENTITY = "iPhone Developer";
				DEVELOPMENT_TEAM = 3NJUD9MLAB;
				FRAMEWORK_SEARCH_PATHS = (
					"$(inherited)",
					"\"BuildArtifacts\"",
				);
				GENERATE_INFOPLIST_FILE = YES;
				INFOPLIST_KEY_CFBundleDisplayName = "DCSS iOS Host";
				INFOPLIST_KEY_UIApplicationSceneManifest_Generation = YES;
				INFOPLIST_KEY_UILaunchScreen_Generation = YES;
				INFOPLIST_KEY_UIRequiresFullScreen = NO;
				IPHONEOS_DEPLOYMENT_TARGET = 17.0;
				LD_RUNPATH_SEARCH_PATHS = (
					"$(inherited)",
					"@executable_path/Frameworks",
				);
				PRODUCT_BUNDLE_IDENTIFIER = com.apollov.dcssioshost;
				SDKROOT = iphoneos;
				SWIFT_VERSION = 6.0;
				TARGETED_DEVICE_FAMILY = "1,2";
			};
			name = Release;
		};
/* End XCBuildConfiguration section */

/* Begin XCConfigurationList section */
		BE7F2D6BB4A3997011B3A0DE /* Build configuration list for PBXProject "DCSSiOSHost" */ = {
			isa = XCConfigurationList;
			buildConfigurations = (
				8594CCD59626CEAA12F22A9B /* Debug */,
				795AC7165F761B12F695B80A /* Release */,
			);
			defaultConfigurationIsVisible = 0;
			defaultConfigurationName = Debug;
		};
		CD7787E58FEBD71AA6782B52 /* Build configuration list for PBXNativeTarget "DCSSiOSHost" */ = {
			isa = XCConfigurationList;
			buildConfigurations = (
				7B6449266D4DA87137C430D2 /* Debug */,
				8ED375158FC13CF9523372D4 /* Release */,
			);
			defaultConfigurationIsVisible = 0;
			defaultConfigurationName = Debug;
		};
/* End XCConfigurationList section */

/* Begin XCLocalSwiftPackageReference section */
		96A63E06954FE32215A9879C /* XCLocalSwiftPackageReference "." */ = {
			isa = XCLocalSwiftPackageReference;
			relativePath = .;
		};
/* End XCLocalSwiftPackageReference section */

/* Begin XCSwiftPackageProductDependency section */
		2A274DD859F4BED6928BFD8A /* DCSSCore */ = {
			isa = XCSwiftPackageProductDependency;
			productName = DCSSCore;
		};
		F20FF298566305C9BE3C1B7B /* DCSSCoreFFI */ = {
			isa = XCSwiftPackageProductDependency;
			productName = DCSSCoreFFI;
		};
/* End XCSwiftPackageProductDependency section */
	};
	rootObject = 1EC8202B035844FDC6F769EA /* Project object */;
}
